
Microsoft Visual Studio Solution File, Format Version 12.00
# Visual Studio Version 17
VisualStudioVersion = 17.8.34330.188
MinimumVisualStudioVersion = 10.0.40219.1
Project("{9A19103F-16F7-4668-BE54-9A1E7A4F7556}") = "FinalProject", "FinalProject\FinalProject.csproj", "{30FE3081-2B1F-4082-A242-12361A2E4CE7}"
EndProject
Project("{9A19103F-16F7-4668-BE54-9A1E7A4F7556}") = "ProjectForms", "..\ProjectForms\ProjectForms\ProjectForms.csproj", "{0870D4DF-1434-43B7-B140-45AF12F27CB7}"
EndProject
Global
	GlobalSection(SolutionConfigurationPlatforms) = preSolution
		Debug|Any CPU = Debug|Any CPU
		Release|Any CPU = Release|Any CPU
	EndGlobalSection
	GlobalSection(ProjectConfigurationPlatforms) = postSolution
		{30FE3081-2B1F-4082-A242-12361A2E4CE7}.Debug|Any CPU.ActiveCfg = Debug|Any CPU
		{30FE3081-2B1F-4082-A242-12361A2E4CE7}.Debug|Any CPU.Build.0 = Debug|Any CPU
		{30FE3081-2B1F-4082-A242-12361A2E4CE7}.Release|Any CPU.ActiveCfg = Release|Any CPU
		{30FE3081-2B1F-4082-A242-12361A2E4CE7}.Release|Any CPU.Build.0 = Release|Any CPU
		{0870D4DF-1434-43B7-B140-45AF12F27CB7}.Debug|Any CPU.ActiveCfg = Debug|Any CPU
		{0870D4DF-1434-43B7-B140-45AF12F27CB7}.Debug|Any CPU.Build.0 = Debug|Any CPU
		{0870D4DF-1434-43B7-B140-45AF12F27CB7}.Release|Any CPU.ActiveCfg = Release|Any CPU
		{0870D4DF-1434-43B7-B140-45AF12F27CB7}.Release|Any CPU.Build.0 = Release|Any CPU
	EndGlobalSection
	GlobalSection(SolutionProperties) = preSolution
		HideSolutionNode = FALSE
	EndGlobalSection
	GlobalSection(ExtensibilityGlobals) = postSolution
		SolutionGuid = {BCB60F66-FC9D-43EF-AFFD-2B585087B947}
	EndGlobalSection
EndGlobal
